{
    "_readme": [
        "This file locks the dependencies of your project to a known state",
        "Read more about it at https://getcomposer.org/doc/01-basic-usage.md#composer-lock-the-lock-file",
        "This file is @generated automatically"
    ],
    "hash": "f6b20e6b238213dc969e58e1bb5356d1",
    "content-hash": "1d890e3229f4e69f447c1121f5851c86",
    "packages": [
        {
            "name": "guilhermednt/config",
            "version": "v0.1.0",
            "source": {
                "type": "git",
                "url": "https://github.com/guilhermednt/config.git",
                "reference": "20d1f94bf035466cdbdda06cd4db06fc231139c9"
            },
            "dist": {
                "type": "zip",
                "url": "https://api.github.com/repos/guilhermednt/config/zipball/20d1f94bf035466cdbdda06cd4db06fc231139c9",
                "reference": "20d1f94bf035466cdbdda06cd4db06fc231139c9",
                "shasum": ""
            },
            "require": {
                "symfony/yaml": "^3.0"
            },
            "type": "library",
            "autoload": {
                "psr-4": {
                    "Donato\\Configuration\\": ""
                },
                "exclude-from-classmap": [
                    "/Tests/"
                ]
            },
            "notification-url": "https://packagist.org/downloads/",
            "authors": [
                {
                    "name": "Guilherme Donato",
                    "email": "guilhermednt@users.noreply.github.com"
                }
            ],
            "description": "Simple config lib",
            "time": "2016-03-03 23:01:04"
        },
        {
            "name": "symfony/yaml",
            "version": "v3.0.3",
            "source": {
                "type": "git",
                "url": "https://github.com/symfony/yaml.git",
                "reference": "b5ba64cd67ecd6887f63868fa781ca094bd1377c"
            },
            "dist": {
                "type": "zip",
                "url": "https://api.github.com/repos/symfony/yaml/zipball/b5ba64cd67ecd6887f63868fa781ca094bd1377c",
                "reference": "b5ba64cd67ecd6887f63868fa781ca094bd1377c",
                "shasum": ""
            },
            "require": {
                "php": ">=5.5.9"
            },
            "type": "library",
            "extra": {
                "branch-alias": {
                    "dev-master": "3.0-dev"
                }
            },
            "autoload": {
                "psr-4": {
                    "Symfony\\Component\\Yaml\\": ""
                },
                "exclude-from-classmap": [
                    "/Tests/"
                ]
            },
            "notification-url": "https://packagist.org/downloads/",
            "license": [
                "MIT"
            ],
            "authors": [
                {
                    "name": "Fabien Potencier",
                    "email": "fabien@symfony.com"
                },
                {
                    "name": "Symfony Community",
                    "homepage": "https://symfony.com/contributors"
                }
            ],
            "description": "Symfony Yaml Component",
            "homepage": "https://symfony.com",
            "time": "2016-02-23 15:16:06"
        }
    ],
    "packages-dev": [],
    "aliases": [],
    "minimum-stability": "stable",
    "stability-flags": [],
    "prefer-stable": false,
    "prefer-lowest": false,
    "platform": [],
    "platform-dev": []
}
